
Microsoft Visual Studio Solution File, Format Version 12.00
# Visual Studio Version 17
VisualStudioVersion = 17.4.33213.308
MinimumVisualStudioVersion = 10.0.40219.1
Project("{FAE04EC0-301F-11D3-BF4B-00C04F79EFBC}") = "CalculadoraTI20N", "CalculadoraTI20N\CalculadoraTI20N.csproj", "{1016A295-DCC2-411C-8FAF-83E5F1F72BEC}"
EndProject
Global
	GlobalSection(SolutionConfigurationPlatforms) = preSolution
		Debug|Any CPU = Debug|Any CPU
		Release|Any CPU = Release|Any CPU
	EndGlobalSection
	GlobalSection(ProjectConfigurationPlatforms) = postSolution
		{1016A295-DCC2-411C-8FAF-83E5F1F72BEC}.Debug|Any CPU.ActiveCfg = Debug|Any CPU
		{1016A295-DCC2-411C-8FAF-83E5F1F72BEC}.Debug|Any CPU.Build.0 = Debug|Any CPU
		{1016A295-DCC2-411C-8FAF-83E5F1F72BEC}.Release|Any CPU.ActiveCfg = Release|Any CPU
		{1016A295-DCC2-411C-8FAF-83E5F1F72BEC}.Release|Any CPU.Build.0 = Release|Any CPU
	EndGlobalSection
	GlobalSection(SolutionProperties) = preSolution
		HideSolutionNode = FALSE
	EndGlobalSection
	GlobalSection(ExtensibilityGlobals) = postSolution
		SolutionGuid = {12F83426-EB8B-496C-914E-8E3176717574}
	EndGlobalSection
EndGlobal
